
Microsoft Visual Studio Solution File, Format Version 12.00
# Visual Studio 15
VisualStudioVersion = 15.0.26430.6
MinimumVisualStudioVersion = 10.0.40219.1
Project("{2150E333-8FDC-42A3-9474-1A3956D46DE8}") = "src", "src", "{138B2ED9-5A47-4AD6-AB09-3DEF590F0170}"
EndProject
Project("{2150E333-8FDC-42A3-9474-1A3956D46DE8}") = "test", "test", "{DFB9A05A-F32B-48BA-92EA-24F456347A1B}"
EndProject
Project("{FAE04EC0-301F-11D3-BF4B-00C04F79EFBC}") = "PndTools.Tests", "test\PndTools.Tests\PndTools.Tests.csproj", "{CC0BFEA3-1496-4253-9CB1-2B1B7B8012BC}"
EndProject
Project("{FAE04EC0-301F-11D3-BF4B-00C04F79EFBC}") = "PndTools", "src\PndTools\PndTools.csproj", "{87A2B120-B79D-46C3-8952-2392C7E0AB99}"
EndProject
Global
	GlobalSection(SolutionConfigurationPlatforms) = preSolution
		Debug|Any CPU = Debug|Any CPU
		Release|Any CPU = Release|Any CPU
	EndGlobalSection
	GlobalSection(ProjectConfigurationPlatforms) = postSolution
		{CC0BFEA3-1496-4253-9CB1-2B1B7B8012BC}.Debug|Any CPU.ActiveCfg = Debug|Any CPU
		{CC0BFEA3-1496-4253-9CB1-2B1B7B8012BC}.Debug|Any CPU.Build.0 = Debug|Any CPU
		{CC0BFEA3-1496-4253-9CB1-2B1B7B8012BC}.Release|Any CPU.ActiveCfg = Release|Any CPU
		{CC0BFEA3-1496-4253-9CB1-2B1B7B8012BC}.Release|Any CPU.Build.0 = Release|Any CPU
		{87A2B120-B79D-46C3-8952-2392C7E0AB99}.Debug|Any CPU.ActiveCfg = Debug|Any CPU
		{87A2B120-B79D-46C3-8952-2392C7E0AB99}.Debug|Any CPU.Build.0 = Debug|Any CPU
		{87A2B120-B79D-46C3-8952-2392C7E0AB99}.Release|Any CPU.ActiveCfg = Release|Any CPU
		{87A2B120-B79D-46C3-8952-2392C7E0AB99}.Release|Any CPU.Build.0 = Release|Any CPU
	EndGlobalSection
	GlobalSection(SolutionProperties) = preSolution
		HideSolutionNode = FALSE
	EndGlobalSection
	GlobalSection(NestedProjects) = preSolution
		{CC0BFEA3-1496-4253-9CB1-2B1B7B8012BC} = {DFB9A05A-F32B-48BA-92EA-24F456347A1B}
		{87A2B120-B79D-46C3-8952-2392C7E0AB99} = {138B2ED9-5A47-4AD6-AB09-3DEF590F0170}
	EndGlobalSection
EndGlobal
