{
  "version": 1,
  "dependencies": {
    "net10.0": {
      "LTRData.DiscUtils.Iso9660": {
        "type": "Direct",
        "requested": "[1.0.81, )",
        "resolved": "1.0.81",
        "contentHash": "buHwKI2XWGg61RYYkAp0xEyC22yEvUFpnYMveNEzDZ8zKaK1YSdKB6IciGT0WDkQH1bKCtFo/9hnSS1S6kjFwA==",
        "dependencies": {
          "LTRData.DiscUtils.Core": "1.0.81"
        }
      },
      "LTRData.DiscUtils.SquashFs": {
        "type": "Direct",
        "requested": "[1.0.80, )",
        "resolved": "1.0.80",
        "contentHash": "L4pP5CMMG4kzlxvemcA9/a0YG/6GT7ZJIuHwrsAOlIw99PWDqnXublgkZglnJpNowrMe1Caabjt3B9XD1hwttw==",
        "dependencies": {
          "LTRData.DiscUtils.Core": "1.0.80"
        }
      },
      "LTRData.DiscUtils.Streams": {
        "type": "Direct",
        "requested": "[1.0.80, )",
        "resolved": "1.0.80",
        "contentHash": "Oi13jeefYJcjUx4S40EJMteUjlFRNMetf8l3h+Jfz15fgOjTEjNH3K01hfOIiNV040uNb6QWdqGcLQhunM3Zuw==",
        "dependencies": {
          "LTRData.Extensions": "1.0.22"
        }
      },
      "LTRData.DiscUtils.Core": {
        "type": "Transitive",
        "resolved": "1.0.81",
        "contentHash": "USSXDyalFB7f5LuPigEBbmNLJBb5bgHCTdQRQLbVzMoxeMaQ5+RdRJAGrDpDFdsk4Bf3TYjxVHotmyl1aGf/lQ==",
        "dependencies": {
          "LTRData.DiscUtils.Streams": "1.0.81"
        }
      },
      "LTRData.Extensions": {
        "type": "Transitive",
        "resolved": "1.0.22",
        "contentHash": "+cdzposmnUEt7MUMGZD4hhJeOcVI5fIdyM6xI8ZcCgLNMem5J0IO01C6GVn4JzkHpj7Oq5RGlzjZjrYfBqleYg=="
      }
    }
  }
}